// !$*UTF8*$!
{
	archiveVersion = 1;
	classes = {
	};
	objectVersion = 50;
	objects = {

/* Begin PBXBuildFile section */
		7935A1EB21C3C6D100F29C92 /* ViewControllerFactory.swift in Sources */ = {isa = PBXBuildFile; fileRef = 7935A1EA21C3C6D100F29C92 /* ViewControllerFactory.swift */; };
		7935A1ED21C3C77300F29C92 /* WeatherTodayRouter.swift in Sources */ = {isa = PBXBuildFile; fileRef = 7935A1EC21C3C77300F29C92 /* WeatherTodayRouter.swift */; };
		7935A1EF21C3CC8A00F29C92 /* WeatherTodayPresenter.swift in Sources */ = {isa = PBXBuildFile; fileRef = 7935A1EE21C3CC8A00F29C92 /* WeatherTodayPresenter.swift */; };
		7935A1F721C3CEFB00F29C92 /* WeatherInteractor.swift in Sources */ = {isa = PBXBuildFile; fileRef = 7935A1F621C3CEFB00F29C92 /* WeatherInteractor.swift */; };
		7935A1F921C3D11D00F29C92 /* WeatherApiClient.swift in Sources */ = {isa = PBXBuildFile; fileRef = 7935A1F821C3D11D00F29C92 /* WeatherApiClient.swift */; };
		797FFC0B21CA52E8002CB46A /* WeatherCompareRouter.swift in Sources */ = {isa = PBXBuildFile; fileRef = 797FFC0A21CA52E8002CB46A /* WeatherCompareRouter.swift */; };
		797FFC1021CA531C002CB46A /* WeatherCompareViewController.swift in Sources */ = {isa = PBXBuildFile; fileRef = 797FFC0E21CA531C002CB46A /* WeatherCompareViewController.swift */; };
		797FFC1121CA531C002CB46A /* WeatherCompareViewController.xib in Resources */ = {isa = PBXBuildFile; fileRef = 797FFC0F21CA531C002CB46A /* WeatherCompareViewController.xib */; };
		797FFC1321CA532A002CB46A /* WeatherComparePresenter.swift in Sources */ = {isa = PBXBuildFile; fileRef = 797FFC1221CA532A002CB46A /* WeatherComparePresenter.swift */; };
		797FFC1621CA5FEB002CB46A /* HomeRouter.swift in Sources */ = {isa = PBXBuildFile; fileRef = 797FFC1521CA5FEB002CB46A /* HomeRouter.swift */; };
		79F4948021B1AEBA00C9F50C /* AppDelegate.swift in Sources */ = {isa = PBXBuildFile; fileRef = 79F4947F21B1AEBA00C9F50C /* AppDelegate.swift */; };
		79F4948721B1AEBD00C9F50C /* Assets.xcassets in Resources */ = {isa = PBXBuildFile; fileRef = 79F4948621B1AEBD00C9F50C /* Assets.xcassets */; };
		79F4948A21B1AEBD00C9F50C /* LaunchScreen.storyboard in Resources */ = {isa = PBXBuildFile; fileRef = 79F4948821B1AEBD00C9F50C /* LaunchScreen.storyboard */; };
		79F4949521B1AEBD00C9F50C /* RouterTestsTests.swift in Sources */ = {isa = PBXBuildFile; fileRef = 79F4949421B1AEBD00C9F50C /* RouterTestsTests.swift */; };
		79F494A121B1AF1800C9F50C /* WeatherTodayViewController.swift in Sources */ = {isa = PBXBuildFile; fileRef = 79F4949F21B1AF1800C9F50C /* WeatherTodayViewController.swift */; };
		79F494A221B1AF1800C9F50C /* WeatherTodayViewController.xib in Resources */ = {isa = PBXBuildFile; fileRef = 79F494A021B1AF1800C9F50C /* WeatherTodayViewController.xib */; };
		79F494A521B1AF2C00C9F50C /* HomeViewController.swift in Sources */ = {isa = PBXBuildFile; fileRef = 79F494A321B1AF2C00C9F50C /* HomeViewController.swift */; };
		79F494A621B1AF2C00C9F50C /* HomeViewController.xib in Resources */ = {isa = PBXBuildFile; fileRef = 79F494A421B1AF2C00C9F50C /* HomeViewController.xib */; };
		79F494B521B2968E00C9F50C /* Person.swift in Sources */ = {isa = PBXBuildFile; fileRef = 79F494B421B2968E00C9F50C /* Person.swift */; };
		79F494B721B296BC00C9F50C /* PersonClient.swift in Sources */ = {isa = PBXBuildFile; fileRef = 79F494B621B296BC00C9F50C /* PersonClient.swift */; };
		79F494B921B2988700C9F50C /* Router.swift in Sources */ = {isa = PBXBuildFile; fileRef = 79F494B821B2988700C9F50C /* Router.swift */; };
		79F494BB21B2B1E100C9F50C /* UIViewController+Tag.swift in Sources */ = {isa = PBXBuildFile; fileRef = 79F494BA21B2B1E100C9F50C /* UIViewController+Tag.swift */; };
		C084083E21B2EB0A00DBAFEA /* RouterFactory.swift in Sources */ = {isa = PBXBuildFile; fileRef = C084083D21B2EB0A00DBAFEA /* RouterFactory.swift */; };
		C084084021B2EBA700DBAFEA /* RoutingRule.swift in Sources */ = {isa = PBXBuildFile; fileRef = C084083F21B2EBA700DBAFEA /* RoutingRule.swift */; };
		C084084221B2EBD200DBAFEA /* LoginRoutingRule.swift in Sources */ = {isa = PBXBuildFile; fileRef = C084084121B2EBD200DBAFEA /* LoginRoutingRule.swift */; };
		C084084421B2EC7F00DBAFEA /* ApplicationView.swift in Sources */ = {isa = PBXBuildFile; fileRef = C084084321B2EC7F00DBAFEA /* ApplicationView.swift */; };
		C084084621B2EF0700DBAFEA /* AnotherRouter.swift in Sources */ = {isa = PBXBuildFile; fileRef = C084084521B2EF0700DBAFEA /* AnotherRouter.swift */; };
		C084084921B2EFF000DBAFEA /* iOSApplicationView.swift in Sources */ = {isa = PBXBuildFile; fileRef = C084084821B2EFF000DBAFEA /* iOSApplicationView.swift */; };
		C084084D21B2F52A00DBAFEA /* ExclusiveRoutingRule.swift in Sources */ = {isa = PBXBuildFile; fileRef = C084084C21B2F52A00DBAFEA /* ExclusiveRoutingRule.swift */; };
		C084084F21B2F5F500DBAFEA /* MainRoutingRule.swift in Sources */ = {isa = PBXBuildFile; fileRef = C084084E21B2F5F500DBAFEA /* MainRoutingRule.swift */; };
/* End PBXBuildFile section */

/* Begin PBXContainerItemProxy section */
		79F4949121B1AEBD00C9F50C /* PBXContainerItemProxy */ = {
			isa = PBXContainerItemProxy;
			containerPortal = 79F4947421B1AEBA00C9F50C /* Project object */;
			proxyType = 1;
			remoteGlobalIDString = 79F4947B21B1AEBA00C9F50C;
			remoteInfo = RouterTests;
		};
/* End PBXContainerItemProxy section */

/* Begin PBXFileReference section */
		7935A1EA21C3C6D100F29C92 /* ViewControllerFactory.swift */ = {isa = PBXFileReference; lastKnownFileType = sourcecode.swift; path = ViewControllerFactory.swift; sourceTree = "<group>"; };
		7935A1EC21C3C77300F29C92 /* WeatherTodayRouter.swift */ = {isa = PBXFileReference; lastKnownFileType = sourcecode.swift; path = WeatherTodayRouter.swift; sourceTree = "<group>"; };
		7935A1EE21C3CC8A00F29C92 /* WeatherTodayPresenter.swift */ = {isa = PBXFileReference; lastKnownFileType = sourcecode.swift; path = WeatherTodayPresenter.swift; sourceTree = "<group>"; };
		7935A1F621C3CEFB00F29C92 /* WeatherInteractor.swift */ = {isa = PBXFileReference; lastKnownFileType = sourcecode.swift; path = WeatherInteractor.swift; sourceTree = "<group>"; };
		7935A1F821C3D11D00F29C92 /* WeatherApiClient.swift */ = {isa = PBXFileReference; lastKnownFileType = sourcecode.swift; path = WeatherApiClient.swift; sourceTree = "<group>"; };
		797FFC0A21CA52E8002CB46A /* WeatherCompareRouter.swift */ = {isa = PBXFileReference; lastKnownFileType = sourcecode.swift; path = WeatherCompareRouter.swift; sourceTree = "<group>"; };
		797FFC0E21CA531C002CB46A /* WeatherCompareViewController.swift */ = {isa = PBXFileReference; lastKnownFileType = sourcecode.swift; path = WeatherCompareViewController.swift; sourceTree = "<group>"; };
		797FFC0F21CA531C002CB46A /* WeatherCompareViewController.xib */ = {isa = PBXFileReference; lastKnownFileType = file.xib; path = WeatherCompareViewController.xib; sourceTree = "<group>"; };
		797FFC1221CA532A002CB46A /* WeatherComparePresenter.swift */ = {isa = PBXFileReference; lastKnownFileType = sourcecode.swift; path = WeatherComparePresenter.swift; sourceTree = "<group>"; };
		797FFC1521CA5FEB002CB46A /* HomeRouter.swift */ = {isa = PBXFileReference; lastKnownFileType = sourcecode.swift; path = HomeRouter.swift; sourceTree = "<group>"; };
		79F4947C21B1AEBA00C9F50C /* RouterTests.app */ = {isa = PBXFileReference; explicitFileType = wrapper.application; includeInIndex = 0; path = RouterTests.app; sourceTree = BUILT_PRODUCTS_DIR; };
		79F4947F21B1AEBA00C9F50C /* AppDelegate.swift */ = {isa = PBXFileReference; lastKnownFileType = sourcecode.swift; path = AppDelegate.swift; sourceTree = "<group>"; };
		79F4948621B1AEBD00C9F50C /* Assets.xcassets */ = {isa = PBXFileReference; lastKnownFileType = folder.assetcatalog; path = Assets.xcassets; sourceTree = "<group>"; };
		79F4948921B1AEBD00C9F50C /* Base */ = {isa = PBXFileReference; lastKnownFileType = file.storyboard; name = Base; path = Base.lproj/LaunchScreen.storyboard; sourceTree = "<group>"; };
		79F4948B21B1AEBD00C9F50C /* Info.plist */ = {isa = PBXFileReference; lastKnownFileType = text.plist.xml; path = Info.plist; sourceTree = "<group>"; };
		79F4949021B1AEBD00C9F50C /* RouterTestsTests.xctest */ = {isa = PBXFileReference; explicitFileType = wrapper.cfbundle; includeInIndex = 0; path = RouterTestsTests.xctest; sourceTree = BUILT_PRODUCTS_DIR; };
		79F4949421B1AEBD00C9F50C /* RouterTestsTests.swift */ = {isa = PBXFileReference; lastKnownFileType = sourcecode.swift; path = RouterTestsTests.swift; sourceTree = "<group>"; };
		79F4949621B1AEBD00C9F50C /* Info.plist */ = {isa = PBXFileReference; lastKnownFileType = text.plist.xml; path = Info.plist; sourceTree = "<group>"; };
		79F4949F21B1AF1800C9F50C /* WeatherTodayViewController.swift */ = {isa = PBXFileReference; lastKnownFileType = sourcecode.swift; path = WeatherTodayViewController.swift; sourceTree = "<group>"; };
		79F494A021B1AF1800C9F50C /* WeatherTodayViewController.xib */ = {isa = PBXFileReference; lastKnownFileType = file.xib; path = WeatherTodayViewController.xib; sourceTree = "<group>"; };
		79F494A321B1AF2C00C9F50C /* HomeViewController.swift */ = {isa = PBXFileReference; lastKnownFileType = sourcecode.swift; path = HomeViewController.swift; sourceTree = "<group>"; };
		79F494A421B1AF2C00C9F50C /* HomeViewController.xib */ = {isa = PBXFileReference; lastKnownFileType = file.xib; path = HomeViewController.xib; sourceTree = "<group>"; };
		79F494B421B2968E00C9F50C /* Person.swift */ = {isa = PBXFileReference; lastKnownFileType = sourcecode.swift; path = Person.swift; sourceTree = "<group>"; };
		79F494B621B296BC00C9F50C /* PersonClient.swift */ = {isa = PBXFileReference; lastKnownFileType = sourcecode.swift; path = PersonClient.swift; sourceTree = "<group>"; };
		79F494B821B2988700C9F50C /* Router.swift */ = {isa = PBXFileReference; lastKnownFileType = sourcecode.swift; path = Router.swift; sourceTree = "<group>"; };
		79F494BA21B2B1E100C9F50C /* UIViewController+Tag.swift */ = {isa = PBXFileReference; lastKnownFileType = sourcecode.swift; path = "UIViewController+Tag.swift"; sourceTree = "<group>"; };
		C084083D21B2EB0A00DBAFEA /* RouterFactory.swift */ = {isa = PBXFileReference; lastKnownFileType = sourcecode.swift; path = RouterFactory.swift; sourceTree = "<group>"; };
		C084083F21B2EBA700DBAFEA /* RoutingRule.swift */ = {isa = PBXFileReference; lastKnownFileType = sourcecode.swift; path = RoutingRule.swift; sourceTree = "<group>"; };
		C084084121B2EBD200DBAFEA /* LoginRoutingRule.swift */ = {isa = PBXFileReference; lastKnownFileType = sourcecode.swift; path = LoginRoutingRule.swift; sourceTree = "<group>"; };
		C084084321B2EC7F00DBAFEA /* ApplicationView.swift */ = {isa = PBXFileReference; lastKnownFileType = sourcecode.swift; path = ApplicationView.swift; sourceTree = "<group>"; };
		C084084521B2EF0700DBAFEA /* AnotherRouter.swift */ = {isa = PBXFileReference; lastKnownFileType = sourcecode.swift; path = AnotherRouter.swift; sourceTree = "<group>"; };
		C084084821B2EFF000DBAFEA /* iOSApplicationView.swift */ = {isa = PBXFileReference; lastKnownFileType = sourcecode.swift; path = iOSApplicationView.swift; sourceTree = "<group>"; };
		C084084C21B2F52A00DBAFEA /* ExclusiveRoutingRule.swift */ = {isa = PBXFileReference; lastKnownFileType = sourcecode.swift; path = ExclusiveRoutingRule.swift; sourceTree = "<group>"; };
		C084084E21B2F5F500DBAFEA /* MainRoutingRule.swift */ = {isa = PBXFileReference; lastKnownFileType = sourcecode.swift; path = MainRoutingRule.swift; sourceTree = "<group>"; };
/* End PBXFileReference section */

/* Begin PBXFrameworksBuildPhase section */
		79F4947921B1AEBA00C9F50C /* Frameworks */ = {
			isa = PBXFrameworksBuildPhase;
			buildActionMask = 2147483647;
			files = (
			);
			runOnlyForDeploymentPostprocessing = 0;
		};
		79F4948D21B1AEBD00C9F50C /* Frameworks */ = {
			isa = PBXFrameworksBuildPhase;
			buildActionMask = 2147483647;
			files = (
			);
			runOnlyForDeploymentPostprocessing = 0;
		};
/* End PBXFrameworksBuildPhase section */

/* Begin PBXGroup section */
		797FFC0721CA524E002CB46A /* WeatherToday */ = {
			isa = PBXGroup;
			children = (
				7935A1EC21C3C77300F29C92 /* WeatherTodayRouter.swift */,
				79F4949F21B1AF1800C9F50C /* WeatherTodayViewController.swift */,
				79F494A021B1AF1800C9F50C /* WeatherTodayViewController.xib */,
				7935A1EE21C3CC8A00F29C92 /* WeatherTodayPresenter.swift */,
			);
			path = WeatherToday;
			sourceTree = "<group>";
		};
		797FFC0821CA5278002CB46A /* WeatherCompare */ = {
			isa = PBXGroup;
			children = (
				797FFC0A21CA52E8002CB46A /* WeatherCompareRouter.swift */,
				797FFC1221CA532A002CB46A /* WeatherComparePresenter.swift */,
				797FFC0E21CA531C002CB46A /* WeatherCompareViewController.swift */,
				797FFC0F21CA531C002CB46A /* WeatherCompareViewController.xib */,
			);
			path = WeatherCompare;
			sourceTree = "<group>";
		};
		797FFC0921CA52B2002CB46A /* WeatherData */ = {
			isa = PBXGroup;
			children = (
				7935A1F621C3CEFB00F29C92 /* WeatherInteractor.swift */,
				7935A1F821C3D11D00F29C92 /* WeatherApiClient.swift */,
			);
			path = WeatherData;
			sourceTree = "<group>";
		};
		797FFC1421CA5C05002CB46A /* Irrelevant */ = {
			isa = PBXGroup;
			children = (
				79F4948621B1AEBD00C9F50C /* Assets.xcassets */,
				79F4948821B1AEBD00C9F50C /* LaunchScreen.storyboard */,
				79F494B421B2968E00C9F50C /* Person.swift */,
				79F494B621B296BC00C9F50C /* PersonClient.swift */,
				C084084721B2EF3800DBAFEA /* ConditionalRouting */,
			);
			path = Irrelevant;
			sourceTree = "<group>";
		};
		79F4947321B1AEBA00C9F50C = {
			isa = PBXGroup;
			children = (
				79F4947E21B1AEBA00C9F50C /* RouterTests */,
				79F4949321B1AEBD00C9F50C /* RouterTestsTests */,
				79F4947D21B1AEBA00C9F50C /* Products */,
			);
			sourceTree = "<group>";
		};
		79F4947D21B1AEBA00C9F50C /* Products */ = {
			isa = PBXGroup;
			children = (
				79F4947C21B1AEBA00C9F50C /* RouterTests.app */,
				79F4949021B1AEBD00C9F50C /* RouterTestsTests.xctest */,
			);
			name = Products;
			sourceTree = "<group>";
		};
		79F4947E21B1AEBA00C9F50C /* RouterTests */ = {
			isa = PBXGroup;
			children = (
				797FFC0921CA52B2002CB46A /* WeatherData */,
				797FFC0821CA5278002CB46A /* WeatherCompare */,
				79F4947F21B1AEBA00C9F50C /* AppDelegate.swift */,
				79F494A721B1AF3B00C9F50C /* Home */,
				797FFC1421CA5C05002CB46A /* Irrelevant */,
				79F4948B21B1AEBD00C9F50C /* Info.plist */,
				79F494B821B2988700C9F50C /* Router.swift */,
				797FFC0721CA524E002CB46A /* WeatherToday */,
				7935A1EA21C3C6D100F29C92 /* ViewControllerFactory.swift */,
				79F494BA21B2B1E100C9F50C /* UIViewController+Tag.swift */,
			);
			path = RouterTests;
			sourceTree = "<group>";
		};
		79F4949321B1AEBD00C9F50C /* RouterTestsTests */ = {
			isa = PBXGroup;
			children = (
				79F4949421B1AEBD00C9F50C /* RouterTestsTests.swift */,
				79F4949621B1AEBD00C9F50C /* Info.plist */,
			);
			path = RouterTestsTests;
			sourceTree = "<group>";
		};
		79F494A721B1AF3B00C9F50C /* Home */ = {
			isa = PBXGroup;
			children = (
				79F494A321B1AF2C00C9F50C /* HomeViewController.swift */,
				797FFC1521CA5FEB002CB46A /* HomeRouter.swift */,
				79F494A421B1AF2C00C9F50C /* HomeViewController.xib */,
			);
			path = Home;
			sourceTree = "<group>";
		};
		C084084721B2EF3800DBAFEA /* ConditionalRouting */ = {
			isa = PBXGroup;
			children = (
				C084083D21B2EB0A00DBAFEA /* RouterFactory.swift */,
				C084083F21B2EBA700DBAFEA /* RoutingRule.swift */,
				C084084121B2EBD200DBAFEA /* LoginRoutingRule.swift */,
				C084084321B2EC7F00DBAFEA /* ApplicationView.swift */,
				C084084521B2EF0700DBAFEA /* AnotherRouter.swift */,
				C084084821B2EFF000DBAFEA /* iOSApplicationView.swift */,
				C084084C21B2F52A00DBAFEA /* ExclusiveRoutingRule.swift */,
				C084084E21B2F5F500DBAFEA /* MainRoutingRule.swift */,
			);
			path = ConditionalRouting;
			sourceTree = "<group>";
		};
/* End PBXGroup section */

/* Begin PBXNativeTarget section */
		79F4947B21B1AEBA00C9F50C /* RouterTests */ = {
			isa = PBXNativeTarget;
			buildConfigurationList = 79F4949921B1AEBD00C9F50C /* Build configuration list for PBXNativeTarget "RouterTests" */;
			buildPhases = (
				79F4947821B1AEBA00C9F50C /* Sources */,
				79F4947921B1AEBA00C9F50C /* Frameworks */,
				79F4947A21B1AEBA00C9F50C /* Resources */,
			);
			buildRules = (
			);
			dependencies = (
			);
			name = RouterTests;
			productName = RouterTests;
			productReference = 79F4947C21B1AEBA00C9F50C /* RouterTests.app */;
			productType = "com.apple.product-type.application";
		};
		79F4948F21B1AEBD00C9F50C /* RouterTestsTests */ = {
			isa = PBXNativeTarget;
			buildConfigurationList = 79F4949C21B1AEBD00C9F50C /* Build configuration list for PBXNativeTarget "RouterTestsTests" */;
			buildPhases = (
				79F4948C21B1AEBD00C9F50C /* Sources */,
				79F4948D21B1AEBD00C9F50C /* Frameworks */,
				79F4948E21B1AEBD00C9F50C /* Resources */,
			);
			buildRules = (
			);
			dependencies = (
				79F4949221B1AEBD00C9F50C /* PBXTargetDependency */,
			);
			name = RouterTestsTests;
			productName = RouterTestsTests;
			productReference = 79F4949021B1AEBD00C9F50C /* RouterTestsTests.xctest */;
			productType = "com.apple.product-type.bundle.unit-test";
		};
/* End PBXNativeTarget section */

/* Begin PBXProject section */
		79F4947421B1AEBA00C9F50C /* Project object */ = {
			isa = PBXProject;
			attributes = {
				LastSwiftUpdateCheck = 1000;
				LastUpgradeCheck = 1000;
				ORGANIZATIONNAME = "Michael Frick";
				TargetAttributes = {
					79F4947B21B1AEBA00C9F50C = {
						CreatedOnToolsVersion = 10.0;
					};
					79F4948F21B1AEBD00C9F50C = {
						CreatedOnToolsVersion = 10.0;
						TestTargetID = 79F4947B21B1AEBA00C9F50C;
					};
				};
			};
			buildConfigurationList = 79F4947721B1AEBA00C9F50C /* Build configuration list for PBXProject "RouterTests" */;
			compatibilityVersion = "Xcode 9.3";
			developmentRegion = en;
			hasScannedForEncodings = 0;
			knownRegions = (
				en,
				Base,
			);
			mainGroup = 79F4947321B1AEBA00C9F50C;
			productRefGroup = 79F4947D21B1AEBA00C9F50C /* Products */;
			projectDirPath = "";
			projectRoot = "";
			targets = (
				79F4947B21B1AEBA00C9F50C /* RouterTests */,
				79F4948F21B1AEBD00C9F50C /* RouterTestsTests */,
			);
		};
/* End PBXProject section */

/* Begin PBXResourcesBuildPhase section */
		79F4947A21B1AEBA00C9F50C /* Resources */ = {
			isa = PBXResourcesBuildPhase;
			buildActionMask = 2147483647;
			files = (
				79F494A221B1AF1800C9F50C /* WeatherTodayViewController.xib in Resources */,
				79F4948A21B1AEBD00C9F50C /* LaunchScreen.storyboard in Resources */,
				79F4948721B1AEBD00C9F50C /* Assets.xcassets in Resources */,
				797FFC1121CA531C002CB46A /* WeatherCompareViewController.xib in Resources */,
				79F494A621B1AF2C00C9F50C /* HomeViewController.xib in Resources */,
			);
			runOnlyForDeploymentPostprocessing = 0;
		};
		79F4948E21B1AEBD00C9F50C /* Resources */ = {
			isa = PBXResourcesBuildPhase;
			buildActionMask = 2147483647;
			files = (
			);
			runOnlyForDeploymentPostprocessing = 0;
		};
/* End PBXResourcesBuildPhase section */

/* Begin PBXSourcesBuildPhase section */
		79F4947821B1AEBA00C9F50C /* Sources */ = {
			isa = PBXSourcesBuildPhase;
			buildActionMask = 2147483647;
			files = (
				C084084021B2EBA700DBAFEA /* RoutingRule.swift in Sources */,
				79F494A121B1AF1800C9F50C /* WeatherTodayViewController.swift in Sources */,
				C084084421B2EC7F00DBAFEA /* ApplicationView.swift in Sources */,
				C084084D21B2F52A00DBAFEA /* ExclusiveRoutingRule.swift in Sources */,
				C084084221B2EBD200DBAFEA /* LoginRoutingRule.swift in Sources */,
				7935A1ED21C3C77300F29C92 /* WeatherTodayRouter.swift in Sources */,
				7935A1F921C3D11D00F29C92 /* WeatherApiClient.swift in Sources */,
				C084084621B2EF0700DBAFEA /* AnotherRouter.swift in Sources */,
				79F494B921B2988700C9F50C /* Router.swift in Sources */,
				7935A1EB21C3C6D100F29C92 /* ViewControllerFactory.swift in Sources */,
				7935A1F721C3CEFB00F29C92 /* WeatherInteractor.swift in Sources */,
				79F494BB21B2B1E100C9F50C /* UIViewController+Tag.swift in Sources */,
				79F494B721B296BC00C9F50C /* PersonClient.swift in Sources */,
				797FFC1621CA5FEB002CB46A /* HomeRouter.swift in Sources */,
				C084083E21B2EB0A00DBAFEA /* RouterFactory.swift in Sources */,
				79F4948021B1AEBA00C9F50C /* AppDelegate.swift in Sources */,
				7935A1EF21C3CC8A00F29C92 /* WeatherTodayPresenter.swift in Sources */,
				C084084F21B2F5F500DBAFEA /* MainRoutingRule.swift in Sources */,
				79F494B521B2968E00C9F50C /* Person.swift in Sources */,
				797FFC0B21CA52E8002CB46A /* WeatherCompareRouter.swift in Sources */,
				79F494A521B1AF2C00C9F50C /* HomeViewController.swift in Sources */,
				C084084921B2EFF000DBAFEA /* iOSApplicationView.swift in Sources */,
				797FFC1021CA531C002CB46A /* WeatherCompareViewController.swift in Sources */,
				797FFC1321CA532A002CB46A /* WeatherComparePresenter.swift in Sources */,
			);
			runOnlyForDeploymentPostprocessing = 0;
		};
		79F4948C21B1AEBD00C9F50C /* Sources */ = {
			isa = PBXSourcesBuildPhase;
			buildActionMask = 2147483647;
			files = (
				79F4949521B1AEBD00C9F50C /* RouterTestsTests.swift in Sources */,
			);
			runOnlyForDeploymentPostprocessing = 0;
		};
/* End PBXSourcesBuildPhase section */

/* Begin PBXTargetDependency section */
		79F4949221B1AEBD00C9F50C /* PBXTargetDependency */ = {
			isa = PBXTargetDependency;
			target = 79F4947B21B1AEBA00C9F50C /* RouterTests */;
			targetProxy = 79F4949121B1AEBD00C9F50C /* PBXContainerItemProxy */;
		};
/* End PBXTargetDependency section */

/* Begin PBXVariantGroup section */
		79F4948821B1AEBD00C9F50C /* LaunchScreen.storyboard */ = {
			isa = PBXVariantGroup;
			children = (
				79F4948921B1AEBD00C9F50C /* Base */,
			);
			name = LaunchScreen.storyboard;
			sourceTree = "<group>";
		};
/* End PBXVariantGroup section */

/* Begin XCBuildConfiguration section */
		79F4949721B1AEBD00C9F50C /* Debug */ = {
			isa = XCBuildConfiguration;
			buildSettings = {
				ALWAYS_SEARCH_USER_PATHS = NO;
				CLANG_ANALYZER_NONNULL = YES;
				CLANG_ANALYZER_NUMBER_OBJECT_CONVERSION = YES_AGGRESSIVE;
				CLANG_CXX_LANGUAGE_STANDARD = "gnu++14";
				CLANG_CXX_LIBRARY = "libc++";
				CLANG_ENABLE_MODULES = YES;
				CLANG_ENABLE_OBJC_ARC = YES;
				CLANG_ENABLE_OBJC_WEAK = YES;
				CLANG_WARN_BLOCK_CAPTURE_AUTORELEASING = YES;
				CLANG_WARN_BOOL_CONVERSION = YES;
				CLANG_WARN_COMMA = YES;
				CLANG_WARN_CONSTANT_CONVERSION = YES;
				CLANG_WARN_DEPRECATED_OBJC_IMPLEMENTATIONS = YES;
				CLANG_WARN_DIRECT_OBJC_ISA_USAGE = YES_ERROR;
				CLANG_WARN_DOCUMENTATION_COMMENTS = YES;
				CLANG_WARN_EMPTY_BODY = YES;
				CLANG_WARN_ENUM_CONVERSION = YES;
				CLANG_WARN_INFINITE_RECURSION = YES;
				CLANG_WARN_INT_CONVERSION = YES;
				CLANG_WARN_NON_LITERAL_NULL_CONVERSION = YES;
				CLANG_WARN_OBJC_IMPLICIT_RETAIN_SELF = YES;
				CLANG_WARN_OBJC_LITERAL_CONVERSION = YES;
				CLANG_WARN_OBJC_ROOT_CLASS = YES_ERROR;
				CLANG_WARN_RANGE_LOOP_ANALYSIS = YES;
				CLANG_WARN_STRICT_PROTOTYPES = YES;
				CLANG_WARN_SUSPICIOUS_MOVE = YES;
				CLANG_WARN_UNGUARDED_AVAILABILITY = YES_AGGRESSIVE;
				CLANG_WARN_UNREACHABLE_CODE = YES;
				CLANG_WARN__DUPLICATE_METHOD_MATCH = YES;
				CODE_SIGN_IDENTITY = "iPhone Developer";
				COPY_PHASE_STRIP = NO;
				DEBUG_INFORMATION_FORMAT = dwarf;
				ENABLE_STRICT_OBJC_MSGSEND = YES;
				ENABLE_TESTABILITY = YES;
				GCC_C_LANGUAGE_STANDARD = gnu11;
				GCC_DYNAMIC_NO_PIC = NO;
				GCC_NO_COMMON_BLOCKS = YES;
				GCC_OPTIMIZATION_LEVEL = 0;
				GCC_PREPROCESSOR_DEFINITIONS = (
					"DEBUG=1",
					"$(inherited)",
				);
				GCC_WARN_64_TO_32_BIT_CONVERSION = YES;
				GCC_WARN_ABOUT_RETURN_TYPE = YES_ERROR;
				GCC_WARN_UNDECLARED_SELECTOR = YES;
				GCC_WARN_UNINITIALIZED_AUTOS = YES_AGGRESSIVE;
				GCC_WARN_UNUSED_FUNCTION = YES;
				GCC_WARN_UNUSED_VARIABLE = YES;
				IPHONEOS_DEPLOYMENT_TARGET = 12.0;
				MTL_ENABLE_DEBUG_INFO = INCLUDE_SOURCE;
				MTL_FAST_MATH = YES;
				ONLY_ACTIVE_ARCH = YES;
				SDKROOT = iphoneos;
				SWIFT_ACTIVE_COMPILATION_CONDITIONS = DEBUG;
				SWIFT_OPTIMIZATION_LEVEL = "-Onone";
			};
			name = Debug;
		};
		79F4949821B1AEBD00C9F50C /* Release */ = {
			isa = XCBuildConfiguration;
			buildSettings = {
				ALWAYS_SEARCH_USER_PATHS = NO;
				CLANG_ANALYZER_NONNULL = YES;
				CLANG_ANALYZER_NUMBER_OBJECT_CONVERSION = YES_AGGRESSIVE;
				CLANG_CXX_LANGUAGE_STANDARD = "gnu++14";
				CLANG_CXX_LIBRARY = "libc++";
				CLANG_ENABLE_MODULES = YES;
				CLANG_ENABLE_OBJC_ARC = YES;
				CLANG_ENABLE_OBJC_WEAK = YES;
				CLANG_WARN_BLOCK_CAPTURE_AUTORELEASING = YES;
				CLANG_WARN_BOOL_CONVERSION = YES;
				CLANG_WARN_COMMA = YES;
				CLANG_WARN_CONSTANT_CONVERSION = YES;
				CLANG_WARN_DEPRECATED_OBJC_IMPLEMENTATIONS = YES;
				CLANG_WARN_DIRECT_OBJC_ISA_USAGE = YES_ERROR;
				CLANG_WARN_DOCUMENTATION_COMMENTS = YES;
				CLANG_WARN_EMPTY_BODY = YES;
				CLANG_WARN_ENUM_CONVERSION = YES;
				CLANG_WARN_INFINITE_RECURSION = YES;
				CLANG_WARN_INT_CONVERSION = YES;
				CLANG_WARN_NON_LITERAL_NULL_CONVERSION = YES;
				CLANG_WARN_OBJC_IMPLICIT_RETAIN_SELF = YES;
				CLANG_WARN_OBJC_LITERAL_CONVERSION = YES;
				CLANG_WARN_OBJC_ROOT_CLASS = YES_ERROR;
				CLANG_WARN_RANGE_LOOP_ANALYSIS = YES;
				CLANG_WARN_STRICT_PROTOTYPES = YES;
				CLANG_WARN_SUSPICIOUS_MOVE = YES;
				CLANG_WARN_UNGUARDED_AVAILABILITY = YES_AGGRESSIVE;
				CLANG_WARN_UNREACHABLE_CODE = YES;
				CLANG_WARN__DUPLICATE_METHOD_MATCH = YES;
				CODE_SIGN_IDENTITY = "iPhone Developer";
				COPY_PHASE_STRIP = NO;
				DEBUG_INFORMATION_FORMAT = "dwarf-with-dsym";
				ENABLE_NS_ASSERTIONS = NO;
				ENABLE_STRICT_OBJC_MSGSEND = YES;
				GCC_C_LANGUAGE_STANDARD = gnu11;
				GCC_NO_COMMON_BLOCKS = YES;
				GCC_WARN_64_TO_32_BIT_CONVERSION = YES;
				GCC_WARN_ABOUT_RETURN_TYPE = YES_ERROR;
				GCC_WARN_UNDECLARED_SELECTOR = YES;
				GCC_WARN_UNINITIALIZED_AUTOS = YES_AGGRESSIVE;
				GCC_WARN_UNUSED_FUNCTION = YES;
				GCC_WARN_UNUSED_VARIABLE = YES;
				IPHONEOS_DEPLOYMENT_TARGET = 12.0;
				MTL_ENABLE_DEBUG_INFO = NO;
				MTL_FAST_MATH = YES;
				SDKROOT = iphoneos;
				SWIFT_COMPILATION_MODE = wholemodule;
				SWIFT_OPTIMIZATION_LEVEL = "-O";
				VALIDATE_PRODUCT = YES;
			};
			name = Release;
		};
		79F4949A21B1AEBD00C9F50C /* Debug */ = {
			isa = XCBuildConfiguration;
			buildSettings = {
				ASSETCATALOG_COMPILER_APPICON_NAME = AppIcon;
				CODE_SIGN_STYLE = Automatic;
				DEVELOPMENT_TEAM = 9R94XJAZ89;
				INFOPLIST_FILE = RouterTests/Info.plist;
				LD_RUNPATH_SEARCH_PATHS = (
					"$(inherited)",
					"@executable_path/Frameworks",
				);
				PRODUCT_BUNDLE_IDENTIFIER = m.RouterTests;
				PRODUCT_NAME = "$(TARGET_NAME)";
				SWIFT_VERSION = 4.2;
				TARGETED_DEVICE_FAMILY = "1,2";
			};
			name = Debug;
		};
		79F4949B21B1AEBD00C9F50C /* Release */ = {
			isa = XCBuildConfiguration;
			buildSettings = {
				ASSETCATALOG_COMPILER_APPICON_NAME = AppIcon;
				CODE_SIGN_STYLE = Automatic;
				DEVELOPMENT_TEAM = 9R94XJAZ89;
				INFOPLIST_FILE = RouterTests/Info.plist;
				LD_RUNPATH_SEARCH_PATHS = (
					"$(inherited)",
					"@executable_path/Frameworks",
				);
				PRODUCT_BUNDLE_IDENTIFIER = m.RouterTests;
				PRODUCT_NAME = "$(TARGET_NAME)";
				SWIFT_VERSION = 4.2;
				TARGETED_DEVICE_FAMILY = "1,2";
			};
			name = Release;
		};
		79F4949D21B1AEBD00C9F50C /* Debug */ = {
			isa = XCBuildConfiguration;
			buildSettings = {
				ALWAYS_EMBED_SWIFT_STANDARD_LIBRARIES = YES;
				BUNDLE_LOADER = "$(TEST_HOST)";
				CODE_SIGN_STYLE = Automatic;
				DEVELOPMENT_TEAM = 9R94XJAZ89;
				INFOPLIST_FILE = RouterTestsTests/Info.plist;
				LD_RUNPATH_SEARCH_PATHS = (
					"$(inherited)",
					"@executable_path/Frameworks",
					"@loader_path/Frameworks",
				);
				PRODUCT_BUNDLE_IDENTIFIER = m.RouterTestsTests;
				PRODUCT_NAME = "$(TARGET_NAME)";
				SWIFT_VERSION = 4.2;
				TARGETED_DEVICE_FAMILY = "1,2";
				TEST_HOST = "$(BUILT_PRODUCTS_DIR)/RouterTests.app/RouterTests";
			};
			name = Debug;
		};
		79F4949E21B1AEBD00C9F50C /* Release */ = {
			isa = XCBuildConfiguration;
			buildSettings = {
				ALWAYS_EMBED_SWIFT_STANDARD_LIBRARIES = YES;
				BUNDLE_LOADER = "$(TEST_HOST)";
				CODE_SIGN_STYLE = Automatic;
				DEVELOPMENT_TEAM = 9R94XJAZ89;
				INFOPLIST_FILE = RouterTestsTests/Info.plist;
				LD_RUNPATH_SEARCH_PATHS = (
					"$(inherited)",
					"@executable_path/Frameworks",
					"@loader_path/Frameworks",
				);
				PRODUCT_BUNDLE_IDENTIFIER = m.RouterTestsTests;
				PRODUCT_NAME = "$(TARGET_NAME)";
				SWIFT_VERSION = 4.2;
				TARGETED_DEVICE_FAMILY = "1,2";
				TEST_HOST = "$(BUILT_PRODUCTS_DIR)/RouterTests.app/RouterTests";
			};
			name = Release;
		};
/* End XCBuildConfiguration section */

/* Begin XCConfigurationList section */
		79F4947721B1AEBA00C9F50C /* Build configuration list for PBXProject "RouterTests" */ = {
			isa = XCConfigurationList;
			buildConfigurations = (
				79F4949721B1AEBD00C9F50C /* Debug */,
				79F4949821B1AEBD00C9F50C /* Release */,
			);
			defaultConfigurationIsVisible = 0;
			defaultConfigurationName = Release;
		};
		79F4949921B1AEBD00C9F50C /* Build configuration list for PBXNativeTarget "RouterTests" */ = {
			isa = XCConfigurationList;
			buildConfigurations = (
				79F4949A21B1AEBD00C9F50C /* Debug */,
				79F4949B21B1AEBD00C9F50C /* Release */,
			);
			defaultConfigurationIsVisible = 0;
			defaultConfigurationName = Release;
		};
		79F4949C21B1AEBD00C9F50C /* Build configuration list for PBXNativeTarget "RouterTestsTests" */ = {
			isa = XCConfigurationList;
			buildConfigurations = (
				79F4949D21B1AEBD00C9F50C /* Debug */,
				79F4949E21B1AEBD00C9F50C /* Release */,
			);
			defaultConfigurationIsVisible = 0;
			defaultConfigurationName = Release;
		};
/* End XCConfigurationList section */
	};
	rootObject = 79F4947421B1AEBA00C9F50C /* Project object */;
}
